// !$*UTF8*$!
{
	archiveVersion = 1;
	classes = {
	};
	objectVersion = 50;
	objects = {

/* Begin PBXBuildFile section */
		1A85FDC920A9EAFE002AECE0 /* tada.mp3 in Resources */ = {isa = PBXBuildFile; fileRef = 1A85FDC820A9EAFE002AECE0 /* tada.mp3 */; };
		1AA8A9B1209A1B7A00DD9742 /* AppDelegate.swift in Sources */ = {isa = PBXBuildFile; fileRef = 1AA8A9B0209A1B7A00DD9742 /* AppDelegate.swift */; };
		1AA8A9B3209A1B7A00DD9742 /* GameScene.sks in Resources */ = {isa = PBXBuildFile; fileRef = 1AA8A9B2209A1B7A00DD9742 /* GameScene.sks */; };
		1AA8A9B5209A1B7A00DD9742 /* Actions.sks in Resources */ = {isa = PBXBuildFile; fileRef = 1AA8A9B4209A1B7A00DD9742 /* Actions.sks */; };
		1AA8A9B7209A1B7A00DD9742 /* GameScene.swift in Sources */ = {isa = PBXBuildFile; fileRef = 1AA8A9B6209A1B7A00DD9742 /* GameScene.swift */; };
		1AA8A9B9209A1B7A00DD9742 /* GameViewController.swift in Sources */ = {isa = PBXBuildFile; fileRef = 1AA8A9B8209A1B7A00DD9742 /* GameViewController.swift */; };
		1AA8A9BC209A1B7A00DD9742 /* Main.storyboard in Resources */ = {isa = PBXBuildFile; fileRef = 1AA8A9BA209A1B7A00DD9742 /* Main.storyboard */; };
		1AA8A9BE209A1B7E00DD9742 /* Assets.xcassets in Resources */ = {isa = PBXBuildFile; fileRef = 1AA8A9BD209A1B7E00DD9742 /* Assets.xcassets */; };
		40C794CA20A35622000A494A /* Cracked Code.ttf in Resources */ = {isa = PBXBuildFile; fileRef = 40C794C920A35622000A494A /* Cracked Code.ttf */; };
		686619BF209CC0AD0063223D /* AVFoundation.framework in Frameworks */ = {isa = PBXBuildFile; fileRef = 686619BE209CC0AD0063223D /* AVFoundation.framework */; };
		68DF2B1720A2063E00237055 /* retro.mp3 in Resources */ = {isa = PBXBuildFile; fileRef = 68DF2B1620A2063E00237055 /* retro.mp3 */; };
/* End PBXBuildFile section */

/* Begin PBXFileReference section */
		1A85FDC820A9EAFE002AECE0 /* tada.mp3 */ = {isa = PBXFileReference; lastKnownFileType = audio.mp3; path = tada.mp3; sourceTree = SOURCE_ROOT; };
		1AA8A9AD209A1B7A00DD9742 /* PongTV.app */ = {isa = PBXFileReference; explicitFileType = wrapper.application; includeInIndex = 0; path = PongTV.app; sourceTree = BUILT_PRODUCTS_DIR; };
		1AA8A9B0209A1B7A00DD9742 /* AppDelegate.swift */ = {isa = PBXFileReference; lastKnownFileType = sourcecode.swift; path = AppDelegate.swift; sourceTree = "<group>"; };
		1AA8A9B2209A1B7A00DD9742 /* GameScene.sks */ = {isa = PBXFileReference; lastKnownFileType = file.sks; path = GameScene.sks; sourceTree = "<group>"; };
		1AA8A9B4209A1B7A00DD9742 /* Actions.sks */ = {isa = PBXFileReference; lastKnownFileType = file.sks; path = Actions.sks; sourceTree = "<group>"; };
		1AA8A9B6209A1B7A00DD9742 /* GameScene.swift */ = {isa = PBXFileReference; lastKnownFileType = sourcecode.swift; path = GameScene.swift; sourceTree = "<group>"; };
		1AA8A9B8209A1B7A00DD9742 /* GameViewController.swift */ = {isa = PBXFileReference; lastKnownFileType = sourcecode.swift; path = GameViewController.swift; sourceTree = "<group>"; };
		1AA8A9BB209A1B7A00DD9742 /* Base */ = {isa = PBXFileReference; lastKnownFileType = file.storyboard; name = Base; path = Base.lproj/Main.storyboard; sourceTree = "<group>"; };
		1AA8A9BD209A1B7E00DD9742 /* Assets.xcassets */ = {isa = PBXFileReference; lastKnownFileType = folder.assetcatalog; path = Assets.xcassets; sourceTree = "<group>"; };
		1AA8A9BF209A1B7E00DD9742 /* Info.plist */ = {isa = PBXFileReference; lastKnownFileType = text.plist.xml; path = Info.plist; sourceTree = "<group>"; };
		40C794C920A35622000A494A /* Cracked Code.ttf */ = {isa = PBXFileReference; lastKnownFileType = file; name = "Cracked Code.ttf"; path = "PongTV/Cracked Code.ttf"; sourceTree = "<group>"; };
		686619BE209CC0AD0063223D /* AVFoundation.framework */ = {isa = PBXFileReference; lastKnownFileType = wrapper.framework; name = AVFoundation.framework; path = System/Library/Frameworks/AVFoundation.framework; sourceTree = SDKROOT; };
		68DF2B1620A2063E00237055 /* retro.mp3 */ = {isa = PBXFileReference; lastKnownFileType = audio.mp3; path = retro.mp3; sourceTree = "<group>"; };
/* End PBXFileReference section */

/* Begin PBXFrameworksBuildPhase section */
		1AA8A9AA209A1B7A00DD9742 /* Frameworks */ = {
			isa = PBXFrameworksBuildPhase;
			buildActionMask = 2147483647;
			files = (
				686619BF209CC0AD0063223D /* AVFoundation.framework in Frameworks */,
			);
			runOnlyForDeploymentPostprocessing = 0;
		};
/* End PBXFrameworksBuildPhase section */

/* Begin PBXGroup section */
		1AA8A9A4209A1B7A00DD9742 = {
			isa = PBXGroup;
			children = (
				1AA8A9AF209A1B7A00DD9742 /* PongTV */,
				1AA8A9AE209A1B7A00DD9742 /* Products */,
				40C794C920A35622000A494A /* Cracked Code.ttf */,
				686619BD209CC0AC0063223D /* Frameworks */,
			);
			sourceTree = "<group>";
		};
		1AA8A9AE209A1B7A00DD9742 /* Products */ = {
			isa = PBXGroup;
			children = (
				1AA8A9AD209A1B7A00DD9742 /* PongTV.app */,
			);
			name = Products;
			sourceTree = "<group>";
		};
		1AA8A9AF209A1B7A00DD9742 /* PongTV */ = {
			isa = PBXGroup;
			children = (
				1AA8A9B0209A1B7A00DD9742 /* AppDelegate.swift */,
				1AA8A9B2209A1B7A00DD9742 /* GameScene.sks */,
				1AA8A9B4209A1B7A00DD9742 /* Actions.sks */,
				1AA8A9B6209A1B7A00DD9742 /* GameScene.swift */,
				1A85FDC820A9EAFE002AECE0 /* tada.mp3 */,
				1AA8A9B8209A1B7A00DD9742 /* GameViewController.swift */,
				68DF2B1620A2063E00237055 /* retro.mp3 */,
				1AA8A9BA209A1B7A00DD9742 /* Main.storyboard */,
				1AA8A9BD209A1B7E00DD9742 /* Assets.xcassets */,
				1AA8A9BF209A1B7E00DD9742 /* Info.plist */,
			);
			path = PongTV;
			sourceTree = "<group>";
		};
		686619BD209CC0AC0063223D /* Frameworks */ = {
			isa = PBXGroup;
			children = (
				686619BE209CC0AD0063223D /* AVFoundation.framework */,
			);
			name = Frameworks;
			sourceTree = "<group>";
		};
/* End PBXGroup section */

/* Begin PBXNativeTarget section */
		1AA8A9AC209A1B7A00DD9742 /* PongTV */ = {
			isa = PBXNativeTarget;
			buildConfigurationList = 1AA8A9C2209A1B7E00DD9742 /* Build configuration list for PBXNativeTarget "PongTV" */;
			buildPhases = (
				1AA8A9A9209A1B7A00DD9742 /* Sources */,
				1AA8A9AA209A1B7A00DD9742 /* Frameworks */,
				1AA8A9AB209A1B7A00DD9742 /* Resources */,
			);
			buildRules = (
			);
			dependencies = (
			);
			name = PongTV;
			productName = PongTV;
			productReference = 1AA8A9AD209A1B7A00DD9742 /* PongTV.app */;
			productType = "com.apple.product-type.application";
		};
/* End PBXNativeTarget section */

/* Begin PBXProject section */
		1AA8A9A5209A1B7A00DD9742 /* Project object */ = {
			isa = PBXProject;
			attributes = {
				LastSwiftUpdateCheck = 0930;
				LastUpgradeCheck = 0930;
				ORGANIZATIONNAME = "JP Flowers";
				TargetAttributes = {
					1AA8A9AC209A1B7A00DD9742 = {
						CreatedOnToolsVersion = 9.3;
					};
				};
			};
			buildConfigurationList = 1AA8A9A8209A1B7A00DD9742 /* Build configuration list for PBXProject "PongTV" */;
			compatibilityVersion = "Xcode 9.3";
			developmentRegion = en;
			hasScannedForEncodings = 0;
			knownRegions = (
				en,
				Base,
			);
			mainGroup = 1AA8A9A4209A1B7A00DD9742;
			productRefGroup = 1AA8A9AE209A1B7A00DD9742 /* Products */;
			projectDirPath = "";
			projectRoot = "";
			targets = (
				1AA8A9AC209A1B7A00DD9742 /* PongTV */,
			);
		};
/* End PBXProject section */

/* Begin PBXResourcesBuildPhase section */
		1AA8A9AB209A1B7A00DD9742 /* Resources */ = {
			isa = PBXResourcesBuildPhase;
			buildActionMask = 2147483647;
			files = (
				1A85FDC920A9EAFE002AECE0 /* tada.mp3 in Resources */,
				40C794CA20A35622000A494A /* Cracked Code.ttf in Resources */,
				1AA8A9BC209A1B7A00DD9742 /* Main.storyboard in Resources */,
				68DF2B1720A2063E00237055 /* retro.mp3 in Resources */,
				1AA8A9B3209A1B7A00DD9742 /* GameScene.sks in Resources */,
				1AA8A9BE209A1B7E00DD9742 /* Assets.xcassets in Resources */,
				1AA8A9B5209A1B7A00DD9742 /* Actions.sks in Resources */,
			);
			runOnlyForDeploymentPostprocessing = 0;
		};
/* End PBXResourcesBuildPhase section */

/* Begin PBXSourcesBuildPhase section */
		1AA8A9A9209A1B7A00DD9742 /* Sources */ = {
			isa = PBXSourcesBuildPhase;
			buildActionMask = 2147483647;
			files = (
				1AA8A9B7209A1B7A00DD9742 /* GameScene.swift in Sources */,
				1AA8A9B9209A1B7A00DD9742 /* GameViewController.swift in Sources */,
				1AA8A9B1209A1B7A00DD9742 /* AppDelegate.swift in Sources */,
			);
			runOnlyForDeploymentPostprocessing = 0;
		};
/* End PBXSourcesBuildPhase section */

/* Begin PBXVariantGroup section */
		1AA8A9BA209A1B7A00DD9742 /* Main.storyboard */ = {
			isa = PBXVariantGroup;
			children = (
				1AA8A9BB209A1B7A00DD9742 /* Base */,
			);
			name = Main.storyboard;
			sourceTree = "<group>";
		};
/* End PBXVariantGroup section */

/* Begin XCBuildConfiguration section */
		1AA8A9C0209A1B7E00DD9742 /* Debug */ = {
			isa = XCBuildConfiguration;
			buildSettings = {
				ALWAYS_SEARCH_USER_PATHS = NO;
				CLANG_ANALYZER_NONNULL = YES;
				CLANG_ANALYZER_NUMBER_OBJECT_CONVERSION = YES_AGGRESSIVE;
				CLANG_CXX_LANGUAGE_STANDARD = "gnu++14";
				CLANG_CXX_LIBRARY = "libc++";
				CLANG_ENABLE_MODULES = YES;
				CLANG_ENABLE_OBJC_ARC = YES;
				CLANG_ENABLE_OBJC_WEAK = YES;
				CLANG_WARN_BLOCK_CAPTURE_AUTORELEASING = YES;
				CLANG_WARN_BOOL_CONVERSION = YES;
				CLANG_WARN_COMMA = YES;
				CLANG_WARN_CONSTANT_CONVERSION = YES;
				CLANG_WARN_DEPRECATED_OBJC_IMPLEMENTATIONS = YES;
				CLANG_WARN_DIRECT_OBJC_ISA_USAGE = YES_ERROR;
				CLANG_WARN_DOCUMENTATION_COMMENTS = YES;
				CLANG_WARN_EMPTY_BODY = YES;
				CLANG_WARN_ENUM_CONVERSION = YES;
				CLANG_WARN_INFINITE_RECURSION = YES;
				CLANG_WARN_INT_CONVERSION = YES;
				CLANG_WARN_NON_LITERAL_NULL_CONVERSION = YES;
				CLANG_WARN_OBJC_IMPLICIT_RETAIN_SELF = YES;
				CLANG_WARN_OBJC_LITERAL_CONVERSION = YES;
				CLANG_WARN_OBJC_ROOT_CLASS = YES_ERROR;
				CLANG_WARN_RANGE_LOOP_ANALYSIS = YES;
				CLANG_WARN_STRICT_PROTOTYPES = YES;
				CLANG_WARN_SUSPICIOUS_MOVE = YES;
				CLANG_WARN_UNGUARDED_AVAILABILITY = YES_AGGRESSIVE;
				CLANG_WARN_UNREACHABLE_CODE = YES;
				CLANG_WARN__DUPLICATE_METHOD_MATCH = YES;
				COPY_PHASE_STRIP = NO;
				DEBUG_INFORMATION_FORMAT = dwarf;
				ENABLE_STRICT_OBJC_MSGSEND = YES;
				ENABLE_TESTABILITY = YES;
				GCC_C_LANGUAGE_STANDARD = gnu11;
				GCC_DYNAMIC_NO_PIC = NO;
				GCC_NO_COMMON_BLOCKS = YES;
				GCC_OPTIMIZATION_LEVEL = 0;
				GCC_PREPROCESSOR_DEFINITIONS = (
					"DEBUG=1",
					"$(inherited)",
				);
				GCC_WARN_64_TO_32_BIT_CONVERSION = YES;
				GCC_WARN_ABOUT_RETURN_TYPE = YES_ERROR;
				GCC_WARN_UNDECLARED_SELECTOR = YES;
				GCC_WARN_UNINITIALIZED_AUTOS = YES_AGGRESSIVE;
				GCC_WARN_UNUSED_FUNCTION = YES;
				GCC_WARN_UNUSED_VARIABLE = YES;
				MTL_ENABLE_DEBUG_INFO = YES;
				ONLY_ACTIVE_ARCH = YES;
				SDKROOT = appletvos;
				SWIFT_ACTIVE_COMPILATION_CONDITIONS = DEBUG;
				SWIFT_OPTIMIZATION_LEVEL = "-Onone";
				TVOS_DEPLOYMENT_TARGET = 11.3;
			};
			name = Debug;
		};
		1AA8A9C1209A1B7E00DD9742 /* Release */ = {
			isa = XCBuildConfiguration;
			buildSettings = {
				ALWAYS_SEARCH_USER_PATHS = NO;
				CLANG_ANALYZER_NONNULL = YES;
				CLANG_ANALYZER_NUMBER_OBJECT_CONVERSION = YES_AGGRESSIVE;
				CLANG_CXX_LANGUAGE_STANDARD = "gnu++14";
				CLANG_CXX_LIBRARY = "libc++";
				CLANG_ENABLE_MODULES = YES;
				CLANG_ENABLE_OBJC_ARC = YES;
				CLANG_ENABLE_OBJC_WEAK = YES;
				CLANG_WARN_BLOCK_CAPTURE_AUTORELEASING = YES;
				CLANG_WARN_BOOL_CONVERSION = YES;
				CLANG_WARN_COMMA = YES;
				CLANG_WARN_CONSTANT_CONVERSION = YES;
				CLANG_WARN_DEPRECATED_OBJC_IMPLEMENTATIONS = YES;
				CLANG_WARN_DIRECT_OBJC_ISA_USAGE = YES_ERROR;
				CLANG_WARN_DOCUMENTATION_COMMENTS = YES;
				CLANG_WARN_EMPTY_BODY = YES;
				CLANG_WARN_ENUM_CONVERSION = YES;
				CLANG_WARN_INFINITE_RECURSION = YES;
				CLANG_WARN_INT_CONVERSION = YES;
				CLANG_WARN_NON_LITERAL_NULL_CONVERSION = YES;
				CLANG_WARN_OBJC_IMPLICIT_RETAIN_SELF = YES;
				CLANG_WARN_OBJC_LITERAL_CONVERSION = YES;
				CLANG_WARN_OBJC_ROOT_CLASS = YES_ERROR;
				CLANG_WARN_RANGE_LOOP_ANALYSIS = YES;
				CLANG_WARN_STRICT_PROTOTYPES = YES;
				CLANG_WARN_SUSPICIOUS_MOVE = YES;
				CLANG_WARN_UNGUARDED_AVAILABILITY = YES_AGGRESSIVE;
				CLANG_WARN_UNREACHABLE_CODE = YES;
				CLANG_WARN__DUPLICATE_METHOD_MATCH = YES;
				COPY_PHASE_STRIP = NO;
				DEBUG_INFORMATION_FORMAT = "dwarf-with-dsym";
				ENABLE_NS_ASSERTIONS = NO;
				ENABLE_STRICT_OBJC_MSGSEND = YES;
				GCC_C_LANGUAGE_STANDARD = gnu11;
				GCC_NO_COMMON_BLOCKS = YES;
				GCC_WARN_64_TO_32_BIT_CONVERSION = YES;
				GCC_WARN_ABOUT_RETURN_TYPE = YES_ERROR;
				GCC_WARN_UNDECLARED_SELECTOR = YES;
				GCC_WARN_UNINITIALIZED_AUTOS = YES_AGGRESSIVE;
				GCC_WARN_UNUSED_FUNCTION = YES;
				GCC_WARN_UNUSED_VARIABLE = YES;
				MTL_ENABLE_DEBUG_INFO = NO;
				SDKROOT = appletvos;
				SWIFT_COMPILATION_MODE = wholemodule;
				SWIFT_OPTIMIZATION_LEVEL = "-O";
				TVOS_DEPLOYMENT_TARGET = 11.3;
				VALIDATE_PRODUCT = YES;
			};
			name = Release;
		};
		1AA8A9C3209A1B7E00DD9742 /* Debug */ = {
			isa = XCBuildConfiguration;
			buildSettings = {
				ASSETCATALOG_COMPILER_APPICON_NAME = "App Icon & Top Shelf Image";
				ASSETCATALOG_COMPILER_LAUNCHIMAGE_NAME = LaunchImage;
				CODE_SIGN_STYLE = Automatic;
				DEVELOPMENT_TEAM = 8T38885NQ7;
				INFOPLIST_FILE = PongTV/Info.plist;
				LD_RUNPATH_SEARCH_PATHS = (
					"$(inherited)",
					"@executable_path/Frameworks",
				);
				PRODUCT_BUNDLE_IDENTIFIER = org.jhhs.618034.PongTV;
				PRODUCT_NAME = "$(TARGET_NAME)";
				SWIFT_VERSION = 4.0;
				TARGETED_DEVICE_FAMILY = 3;
				TVOS_DEPLOYMENT_TARGET = 11.2;
			};
			name = Debug;
		};
		1AA8A9C4209A1B7E00DD9742 /* Release */ = {
			isa = XCBuildConfiguration;
			buildSettings = {
				ASSETCATALOG_COMPILER_APPICON_NAME = "App Icon & Top Shelf Image";
				ASSETCATALOG_COMPILER_LAUNCHIMAGE_NAME = LaunchImage;
				CODE_SIGN_STYLE = Automatic;
				DEVELOPMENT_TEAM = 8T38885NQ7;
				INFOPLIST_FILE = PongTV/Info.plist;
				LD_RUNPATH_SEARCH_PATHS = (
					"$(inherited)",
					"@executable_path/Frameworks",
				);
				PRODUCT_BUNDLE_IDENTIFIER = org.jhhs.618034.PongTV;
				PRODUCT_NAME = "$(TARGET_NAME)";
				SWIFT_VERSION = 4.0;
				TARGETED_DEVICE_FAMILY = 3;
				TVOS_DEPLOYMENT_TARGET = 11.2;
			};
			name = Release;
		};
/* End XCBuildConfiguration section */

/* Begin XCConfigurationList section */
		1AA8A9A8209A1B7A00DD9742 /* Build configuration list for PBXProject "PongTV" */ = {
			isa = XCConfigurationList;
			buildConfigurations = (
				1AA8A9C0209A1B7E00DD9742 /* Debug */,
				1AA8A9C1209A1B7E00DD9742 /* Release */,
			);
			defaultConfigurationIsVisible = 0;
			defaultConfigurationName = Release;
		};
		1AA8A9C2209A1B7E00DD9742 /* Build configuration list for PBXNativeTarget "PongTV" */ = {
			isa = XCConfigurationList;
			buildConfigurations = (
				1AA8A9C3209A1B7E00DD9742 /* Debug */,
				1AA8A9C4209A1B7E00DD9742 /* Release */,
			);
			defaultConfigurationIsVisible = 0;
			defaultConfigurationName = Release;
		};
/* End XCConfigurationList section */
	};
	rootObject = 1AA8A9A5209A1B7A00DD9742 /* Project object */;
}
